
Microsoft Visual Studio Solution File, Format Version 12.00
# Visual Studio Version 16
VisualStudioVersion = 16.0.32126.315
MinimumVisualStudioVersion = 10.0.40219.1
Project("{FAE04EC0-301F-11D3-BF4B-00C04F79EFBC}") = "HWASS4", "HWASS4\HWASS4.csproj", "{BFB4FBB1-B7EA-45BC-81F6-C41DFFBE0943}"
EndProject
Global
	GlobalSection(SolutionConfigurationPlatforms) = preSolution
		Debug|Any CPU = Debug|Any CPU
		Release|Any CPU = Release|Any CPU
	EndGlobalSection
	GlobalSection(ProjectConfigurationPlatforms) = postSolution
		{BFB4FBB1-B7EA-45BC-81F6-C41DFFBE0943}.Debug|Any CPU.ActiveCfg = Debug|Any CPU
		{BFB4FBB1-B7EA-45BC-81F6-C41DFFBE0943}.Debug|Any CPU.Build.0 = Debug|Any CPU
		{BFB4FBB1-B7EA-45BC-81F6-C41DFFBE0943}.Release|Any CPU.ActiveCfg = Release|Any CPU
		{BFB4FBB1-B7EA-45BC-81F6-C41DFFBE0943}.Release|Any CPU.Build.0 = Release|Any CPU
	EndGlobalSection
	GlobalSection(SolutionProperties) = preSolution
		HideSolutionNode = FALSE
	EndGlobalSection
	GlobalSection(ExtensibilityGlobals) = postSolution
		SolutionGuid = {4A5ABA29-E065-458B-9458-152F3F84051D}
	EndGlobalSection
EndGlobal
